// !$*UTF8*$!
{
	archiveVersion = 1;
	classes = {
	};
	objectVersion = 46;
	objects = {

/* Begin PBXBuildFile section */
		DE4788B919D6484700EB8E92 /* AppDelegate.swift in Sources */ = {isa = PBXBuildFile; fileRef = DE4788B819D6484700EB8E92 /* AppDelegate.swift */; };
		DE4788BB19D6484700EB8E92 /* ViewController.swift in Sources */ = {isa = PBXBuildFile; fileRef = DE4788BA19D6484700EB8E92 /* ViewController.swift */; };
		DE4788BE19D6484700EB8E92 /* Main.storyboard in Resources */ = {isa = PBXBuildFile; fileRef = DE4788BC19D6484700EB8E92 /* Main.storyboard */; };
		DE4788C019D6484800EB8E92 /* Images.xcassets in Resources */ = {isa = PBXBuildFile; fileRef = DE4788BF19D6484800EB8E92 /* Images.xcassets */; };
		DE4788C319D6484800EB8E92 /* LaunchScreen.xib in Resources */ = {isa = PBXBuildFile; fileRef = DE4788C119D6484800EB8E92 /* LaunchScreen.xib */; };
		DE4788CF19D6484800EB8E92 /* ShoeConverterTests.swift in Sources */ = {isa = PBXBuildFile; fileRef = DE4788CE19D6484800EB8E92 /* ShoeConverterTests.swift */; };
/* End PBXBuildFile section */

/* Begin PBXContainerItemProxy section */
		DE4788C919D6484800EB8E92 /* PBXContainerItemProxy */ = {
			isa = PBXContainerItemProxy;
			containerPortal = DE4788AB19D6484700EB8E92 /* Project object */;
			proxyType = 1;
			remoteGlobalIDString = DE4788B219D6484700EB8E92;
			remoteInfo = ShoeConverter;
		};
/* End PBXContainerItemProxy section */

/* Begin PBXFileReference section */
		DE4788B319D6484700EB8E92 /* ShoeConverter.app */ = {isa = PBXFileReference; explicitFileType = wrapper.application; includeInIndex = 0; path = ShoeConverter.app; sourceTree = BUILT_PRODUCTS_DIR; };
		DE4788B719D6484700EB8E92 /* Info.plist */ = {isa = PBXFileReference; lastKnownFileType = text.plist.xml; path = Info.plist; sourceTree = "<group>"; };
		DE4788B819D6484700EB8E92 /* AppDelegate.swift */ = {isa = PBXFileReference; lastKnownFileType = sourcecode.swift; path = AppDelegate.swift; sourceTree = "<group>"; };
		DE4788BA19D6484700EB8E92 /* ViewController.swift */ = {isa = PBXFileReference; lastKnownFileType = sourcecode.swift; path = ViewController.swift; sourceTree = "<group>"; };
		DE4788BD19D6484700EB8E92 /* Base */ = {isa = PBXFileReference; lastKnownFileType = file.storyboard; name = Base; path = Base.lproj/Main.storyboard; sourceTree = "<group>"; };
		DE4788BF19D6484800EB8E92 /* Images.xcassets */ = {isa = PBXFileReference; lastKnownFileType = folder.assetcatalog; path = Images.xcassets; sourceTree = "<group>"; };
		DE4788C219D6484800EB8E92 /* Base */ = {isa = PBXFileReference; lastKnownFileType = file.xib; name = Base; path = Base.lproj/LaunchScreen.xib; sourceTree = "<group>"; };
		DE4788C819D6484800EB8E92 /* ShoeConverterTests.xctest */ = {isa = PBXFileReference; explicitFileType = wrapper.cfbundle; includeInIndex = 0; path = ShoeConverterTests.xctest; sourceTree = BUILT_PRODUCTS_DIR; };
		DE4788CD19D6484800EB8E92 /* Info.plist */ = {isa = PBXFileReference; lastKnownFileType = text.plist.xml; path = Info.plist; sourceTree = "<group>"; };
		DE4788CE19D6484800EB8E92 /* ShoeConverterTests.swift */ = {isa = PBXFileReference; lastKnownFileType = sourcecode.swift; path = ShoeConverterTests.swift; sourceTree = "<group>"; };
/* End PBXFileReference section */

/* Begin PBXFrameworksBuildPhase section */
		DE4788B019D6484700EB8E92 /* Frameworks */ = {
			isa = PBXFrameworksBuildPhase;
			buildActionMask = 2147483647;
			files = (
			);
			runOnlyForDeploymentPostprocessing = 0;
		};
		DE4788C519D6484800EB8E92 /* Frameworks */ = {
			isa = PBXFrameworksBuildPhase;
			buildActionMask = 2147483647;
			files = (
			);
			runOnlyForDeploymentPostprocessing = 0;
		};
/* End PBXFrameworksBuildPhase section */

/* Begin PBXGroup section */
		DE4788AA19D6484700EB8E92 = {
			isa = PBXGroup;
			children = (
				DE4788B519D6484700EB8E92 /* ShoeConverter */,
				DE4788CB19D6484800EB8E92 /* ShoeConverterTests */,
				DE4788B419D6484700EB8E92 /* Products */,
			);
			sourceTree = "<group>";
		};
		DE4788B419D6484700EB8E92 /* Products */ = {
			isa = PBXGroup;
			children = (
				DE4788B319D6484700EB8E92 /* ShoeConverter.app */,
				DE4788C819D6484800EB8E92 /* ShoeConverterTests.xctest */,
			);
			name = Products;
			sourceTree = "<group>";
		};
		DE4788B519D6484700EB8E92 /* ShoeConverter */ = {
			isa = PBXGroup;
			children = (
				DE4788B819D6484700EB8E92 /* AppDelegate.swift */,
				DE4788BA19D6484700EB8E92 /* ViewController.swift */,
				DE4788BC19D6484700EB8E92 /* Main.storyboard */,
				DE4788BF19D6484800EB8E92 /* Images.xcassets */,
				DE4788C119D6484800EB8E92 /* LaunchScreen.xib */,
				DE4788B619D6484700EB8E92 /* Supporting Files */,
			);
			path = ShoeConverter;
			sourceTree = "<group>";
		};
		DE4788B619D6484700EB8E92 /* Supporting Files */ = {
			isa = PBXGroup;
			children = (
				DE4788B719D6484700EB8E92 /* Info.plist */,
			);
			name = "Supporting Files";
			sourceTree = "<group>";
		};
		DE4788CB19D6484800EB8E92 /* ShoeConverterTests */ = {
			isa = PBXGroup;
			children = (
				DE4788CE19D6484800EB8E92 /* ShoeConverterTests.swift */,
				DE4788CC19D6484800EB8E92 /* Supporting Files */,
			);
			path = ShoeConverterTests;
			sourceTree = "<group>";
		};
		DE4788CC19D6484800EB8E92 /* Supporting Files */ = {
			isa = PBXGroup;
			children = (
				DE4788CD19D6484800EB8E92 /* Info.plist */,
			);
			name = "Supporting Files";
			sourceTree = "<group>";
		};
/* End PBXGroup section */

/* Begin PBXNativeTarget section */
		DE4788B219D6484700EB8E92 /* ShoeConverter */ = {
			isa = PBXNativeTarget;
			buildConfigurationList = DE4788D219D6484800EB8E92 /* Build configuration list for PBXNativeTarget "ShoeConverter" */;
			buildPhases = (
				DE4788AF19D6484700EB8E92 /* Sources */,
				DE4788B019D6484700EB8E92 /* Frameworks */,
				DE4788B119D6484700EB8E92 /* Resources */,
			);
			buildRules = (
			);
			dependencies = (
			);
			name = ShoeConverter;
			productName = ShoeConverter;
			productReference = DE4788B319D6484700EB8E92 /* ShoeConverter.app */;
			productType = "com.apple.product-type.application";
		};
		DE4788C719D6484800EB8E92 /* ShoeConverterTests */ = {
			isa = PBXNativeTarget;
			buildConfigurationList = DE4788D519D6484800EB8E92 /* Build configuration list for PBXNativeTarget "ShoeConverterTests" */;
			buildPhases = (
				DE4788C419D6484800EB8E92 /* Sources */,
				DE4788C519D6484800EB8E92 /* Frameworks */,
				DE4788C619D6484800EB8E92 /* Resources */,
			);
			buildRules = (
			);
			dependencies = (
				DE4788CA19D6484800EB8E92 /* PBXTargetDependency */,
			);
			name = ShoeConverterTests;
			productName = ShoeConverterTests;
			productReference = DE4788C819D6484800EB8E92 /* ShoeConverterTests.xctest */;
			productType = "com.apple.product-type.bundle.unit-test";
		};
/* End PBXNativeTarget section */

/* Begin PBXProject section */
		DE4788AB19D6484700EB8E92 /* Project object */ = {
			isa = PBXProject;
			attributes = {
				LastUpgradeCheck = 0600;
				ORGANIZATIONNAME = "Tony Morales";
				TargetAttributes = {
					DE4788B219D6484700EB8E92 = {
						CreatedOnToolsVersion = 6.0;
					};
					DE4788C719D6484800EB8E92 = {
						CreatedOnToolsVersion = 6.0;
						TestTargetID = DE4788B219D6484700EB8E92;
					};
				};
			};
			buildConfigurationList = DE4788AE19D6484700EB8E92 /* Build configuration list for PBXProject "ShoeConverter" */;
			compatibilityVersion = "Xcode 3.2";
			developmentRegion = English;
			hasScannedForEncodings = 0;
			knownRegions = (
				en,
				Base,
			);
			mainGroup = DE4788AA19D6484700EB8E92;
			productRefGroup = DE4788B419D6484700EB8E92 /* Products */;
			projectDirPath = "";
			projectRoot = "";
			targets = (
				DE4788B219D6484700EB8E92 /* ShoeConverter */,
				DE4788C719D6484800EB8E92 /* ShoeConverterTests */,
			);
		};
/* End PBXProject section */

/* Begin PBXResourcesBuildPhase section */
		DE4788B119D6484700EB8E92 /* Resources */ = {
			isa = PBXResourcesBuildPhase;
			buildActionMask = 2147483647;
			files = (
				DE4788BE19D6484700EB8E92 /* Main.storyboard in Resources */,
				DE4788C319D6484800EB8E92 /* LaunchScreen.xib in Resources */,
				DE4788C019D6484800EB8E92 /* Images.xcassets in Resources */,
			);
			runOnlyForDeploymentPostprocessing = 0;
		};
		DE4788C619D6484800EB8E92 /* Resources */ = {
			isa = PBXResourcesBuildPhase;
			buildActionMask = 2147483647;
			files = (
			);
			runOnlyForDeploymentPostprocessing = 0;
		};
/* End PBXResourcesBuildPhase section */

/* Begin PBXSourcesBuildPhase section */
		DE4788AF19D6484700EB8E92 /* Sources */ = {
			isa = PBXSourcesBuildPhase;
			buildActionMask = 2147483647;
			files = (
				DE4788BB19D6484700EB8E92 /* ViewController.swift in Sources */,
				DE4788B919D6484700EB8E92 /* AppDelegate.swift in Sources */,
			);
			runOnlyForDeploymentPostprocessing = 0;
		};
		DE4788C419D6484800EB8E92 /* Sources */ = {
			isa = PBXSourcesBuildPhase;
			buildActionMask = 2147483647;
			files = (
				DE4788CF19D6484800EB8E92 /* ShoeConverterTests.swift in Sources */,
			);
			runOnlyForDeploymentPostprocessing = 0;
		};
/* End PBXSourcesBuildPhase section */

/* Begin PBXTargetDependency section */
		DE4788CA19D6484800EB8E92 /* PBXTargetDependency */ = {
			isa = PBXTargetDependency;
			target = DE4788B219D6484700EB8E92 /* ShoeConverter */;
			targetProxy = DE4788C919D6484800EB8E92 /* PBXContainerItemProxy */;
		};
/* End PBXTargetDependency section */

/* Begin PBXVariantGroup section */
		DE4788BC19D6484700EB8E92 /* Main.storyboard */ = {
			isa = PBXVariantGroup;
			children = (
				DE4788BD19D6484700EB8E92 /* Base */,
			);
			name = Main.storyboard;
			sourceTree = "<group>";
		};
		DE4788C119D6484800EB8E92 /* LaunchScreen.xib */ = {
			isa = PBXVariantGroup;
			children = (
				DE4788C219D6484800EB8E92 /* Base */,
			);
			name = LaunchScreen.xib;
			sourceTree = "<group>";
		};
/* End PBXVariantGroup section */

/* Begin XCBuildConfiguration section */
		DE4788D019D6484800EB8E92 /* Debug */ = {
			isa = XCBuildConfiguration;
			buildSettings = {
				ALWAYS_SEARCH_USER_PATHS = NO;
				CLANG_CXX_LANGUAGE_STANDARD = "gnu++0x";
				CLANG_CXX_LIBRARY = "libc++";
				CLANG_ENABLE_MODULES = YES;
				CLANG_ENABLE_OBJC_ARC = YES;
				CLANG_WARN_BOOL_CONVERSION = YES;
				CLANG_WARN_CONSTANT_CONVERSION = YES;
				CLANG_WARN_DIRECT_OBJC_ISA_USAGE = YES_ERROR;
				CLANG_WARN_EMPTY_BODY = YES;
				CLANG_WARN_ENUM_CONVERSION = YES;
				CLANG_WARN_INT_CONVERSION = YES;
				CLANG_WARN_OBJC_ROOT_CLASS = YES_ERROR;
				CLANG_WARN_UNREACHABLE_CODE = YES;
				CLANG_WARN__DUPLICATE_METHOD_MATCH = YES;
				"CODE_SIGN_IDENTITY[sdk=iphoneos*]" = "iPhone Developer";
				COPY_PHASE_STRIP = NO;
				ENABLE_STRICT_OBJC_MSGSEND = YES;
				GCC_C_LANGUAGE_STANDARD = gnu99;
				GCC_DYNAMIC_NO_PIC = NO;
				GCC_OPTIMIZATION_LEVEL = 0;
				GCC_PREPROCESSOR_DEFINITIONS = (
					"DEBUG=1",
					"$(inherited)",
				);
				GCC_SYMBOLS_PRIVATE_EXTERN = NO;
				GCC_WARN_64_TO_32_BIT_CONVERSION = YES;
				GCC_WARN_ABOUT_RETURN_TYPE = YES_ERROR;
				GCC_WARN_UNDECLARED_SELECTOR = YES;
				GCC_WARN_UNINITIALIZED_AUTOS = YES_AGGRESSIVE;
				GCC_WARN_UNUSED_FUNCTION = YES;
				GCC_WARN_UNUSED_VARIABLE = YES;
				IPHONEOS_DEPLOYMENT_TARGET = 8.0;
				MTL_ENABLE_DEBUG_INFO = YES;
				ONLY_ACTIVE_ARCH = YES;
				SDKROOT = iphoneos;
				SWIFT_OPTIMIZATION_LEVEL = "-Onone";
			};
			name = Debug;
		};
		DE4788D119D6484800EB8E92 /* Release */ = {
			isa = XCBuildConfiguration;
			buildSettings = {
				ALWAYS_SEARCH_USER_PATHS = NO;
				CLANG_CXX_LANGUAGE_STANDARD = "gnu++0x";
				CLANG_CXX_LIBRARY = "libc++";
				CLANG_ENABLE_MODULES = YES;
				CLANG_ENABLE_OBJC_ARC = YES;
				CLANG_WARN_BOOL_CONVERSION = YES;
				CLANG_WARN_CONSTANT_CONVERSION = YES;
				CLANG_WARN_DIRECT_OBJC_ISA_USAGE = YES_ERROR;
				CLANG_WARN_EMPTY_BODY = YES;
				CLANG_WARN_ENUM_CONVERSION = YES;
				CLANG_WARN_INT_CONVERSION = YES;
				CLANG_WARN_OBJC_ROOT_CLASS = YES_ERROR;
				CLANG_WARN_UNREACHABLE_CODE = YES;
				CLANG_WARN__DUPLICATE_METHOD_MATCH = YES;
				"CODE_SIGN_IDENTITY[sdk=iphoneos*]" = "iPhone Developer";
				COPY_PHASE_STRIP = YES;
				ENABLE_NS_ASSERTIONS = NO;
				ENABLE_STRICT_OBJC_MSGSEND = YES;
				GCC_C_LANGUAGE_STANDARD = gnu99;
				GCC_WARN_64_TO_32_BIT_CONVERSION = YES;
				GCC_WARN_ABOUT_RETURN_TYPE = YES_ERROR;
				GCC_WARN_UNDECLARED_SELECTOR = YES;
				GCC_WARN_UNINITIALIZED_AUTOS = YES_AGGRESSIVE;
				GCC_WARN_UNUSED_FUNCTION = YES;
				GCC_WARN_UNUSED_VARIABLE = YES;
				IPHONEOS_DEPLOYMENT_TARGET = 8.0;
				MTL_ENABLE_DEBUG_INFO = NO;
				SDKROOT = iphoneos;
				VALIDATE_PRODUCT = YES;
			};
			name = Release;
		};
		DE4788D319D6484800EB8E92 /* Debug */ = {
			isa = XCBuildConfiguration;
			buildSettings = {
				ASSETCATALOG_COMPILER_APPICON_NAME = AppIcon;
				INFOPLIST_FILE = ShoeConverter/Info.plist;
				LD_RUNPATH_SEARCH_PATHS = "$(inherited) @executable_path/Frameworks";
				PRODUCT_NAME = "$(TARGET_NAME)";
			};
			name = Debug;
		};
		DE4788D419D6484800EB8E92 /* Release */ = {
			isa = XCBuildConfiguration;
			buildSettings = {
				ASSETCATALOG_COMPILER_APPICON_NAME = AppIcon;
				INFOPLIST_FILE = ShoeConverter/Info.plist;
				LD_RUNPATH_SEARCH_PATHS = "$(inherited) @executable_path/Frameworks";
				PRODUCT_NAME = "$(TARGET_NAME)";
			};
			name = Release;
		};
		DE4788D619D6484800EB8E92 /* Debug */ = {
			isa = XCBuildConfiguration;
			buildSettings = {
				BUNDLE_LOADER = "$(TEST_HOST)";
				FRAMEWORK_SEARCH_PATHS = (
					"$(SDKROOT)/Developer/Library/Frameworks",
					"$(inherited)",
				);
				GCC_PREPROCESSOR_DEFINITIONS = (
					"DEBUG=1",
					"$(inherited)",
				);
				INFOPLIST_FILE = ShoeConverterTests/Info.plist;
				LD_RUNPATH_SEARCH_PATHS = "$(inherited) @executable_path/Frameworks @loader_path/Frameworks";
				PRODUCT_NAME = "$(TARGET_NAME)";
				TEST_HOST = "$(BUILT_PRODUCTS_DIR)/ShoeConverter.app/ShoeConverter";
			};
			name = Debug;
		};
		DE4788D719D6484800EB8E92 /* Release */ = {
			isa = XCBuildConfiguration;
			buildSettings = {
				BUNDLE_LOADER = "$(TEST_HOST)";
				FRAMEWORK_SEARCH_PATHS = (
					"$(SDKROOT)/Developer/Library/Frameworks",
					"$(inherited)",
				);
				INFOPLIST_FILE = ShoeConverterTests/Info.plist;
				LD_RUNPATH_SEARCH_PATHS = "$(inherited) @executable_path/Frameworks @loader_path/Frameworks";
				PRODUCT_NAME = "$(TARGET_NAME)";
				TEST_HOST = "$(BUILT_PRODUCTS_DIR)/ShoeConverter.app/ShoeConverter";
			};
			name = Release;
		};
/* End XCBuildConfiguration section */

/* Begin XCConfigurationList section */
		DE4788AE19D6484700EB8E92 /* Build configuration list for PBXProject "ShoeConverter" */ = {
			isa = XCConfigurationList;
			buildConfigurations = (
				DE4788D019D6484800EB8E92 /* Debug */,
				DE4788D119D6484800EB8E92 /* Release */,
			);
			defaultConfigurationIsVisible = 0;
			defaultConfigurationName = Release;
		};
		DE4788D219D6484800EB8E92 /* Build configuration list for PBXNativeTarget "ShoeConverter" */ = {
			isa = XCConfigurationList;
			buildConfigurations = (
				DE4788D319D6484800EB8E92 /* Debug */,
				DE4788D419D6484800EB8E92 /* Release */,
			);
			defaultConfigurationIsVisible = 0;
		};
		DE4788D519D6484800EB8E92 /* Build configuration list for PBXNativeTarget "ShoeConverterTests" */ = {
			isa = XCConfigurationList;
			buildConfigurations = (
				DE4788D619D6484800EB8E92 /* Debug */,
				DE4788D719D6484800EB8E92 /* Release */,
			);
			defaultConfigurationIsVisible = 0;
		};
/* End XCConfigurationList section */
	};
	rootObject = DE4788AB19D6484700EB8E92 /* Project object */;
}
